<?xml version="1.0" encoding="utf-8"?>
<Project ToolsVersion="4.0" xmlns="http://schemas.microsoft.com/developer/msbuild/2003">
  <ItemGroup>
    <Filter Include="Utility">
      <UniqueIdentifier>{e7a9af01-21a2-4b53-963b-615504ee7783}</UniqueIdentifier>
    </Filter>
    <Filter Include="Utility\headers">
      <UniqueIdentifier>{852cf2db-13a2-44d8-b7c2-d9f0ee8caeb3}</UniqueIdentifier>
    </Filter>
    <Filter Include="Utility\cpp">
      <UniqueIdentifier>{9bc71f4c-ab8f-41b3-8288-b0b4ce95707b}</UniqueIdentifier>
    </Filter>
    <Filter Include="Exceptions">
      <UniqueIdentifier>{d1f0bf4a-65ef-4dad-8357-eb13f159f33f}</UniqueIdentifier>
    </Filter>
    <Filter Include="Exceptions\headers">
      <UniqueIdentifier>{340c1e47-f279-480c-aef2-4aa58bb94e19}</UniqueIdentifier>
    </Filter>
    <Filter Include="Exceptions\cpp">
      <UniqueIdentifier>{2995372e-f46e-40aa-ba74-09bcc1a93a1f}</UniqueIdentifier>
    </Filter>
    <Filter Include="Core">
      <UniqueIdentifier>{014e54ee-affe-4412-8289-208b9c7ebad0}</UniqueIdentifier>
    </Filter>
    <Filter Include="Core\headers">
      <UniqueIdentifier>{d9b29805-c030-46b8-a351-e6b023e81cb2}</UniqueIdentifier>
    </Filter>
    <Filter Include="Core\cpp">
      <UniqueIdentifier>{fd7c73bc-139e-4363-9f7e-99944f42495c}</UniqueIdentifier>
    </Filter>
    <Filter Include="Graphics">
      <UniqueIdentifier>{64da00f5-abb8-47a6-ba55-202a38dae3bc}</UniqueIdentifier>
    </Filter>
    <Filter Include="Graphics\headers">
      <UniqueIdentifier>{025b6baa-838c-4250-a8d4-642186ca9824}</UniqueIdentifier>
    </Filter>
    <Filter Include="Graphics\cpp">
      <UniqueIdentifier>{f99f63d9-5a2a-4478-a8e0-128f692d67fc}</UniqueIdentifier>
    </Filter>
    <Filter Include="Event Control">
      <UniqueIdentifier>{8d5d14ec-ccb5-4cfc-980f-77e656123240}</UniqueIdentifier>
    </Filter>
    <Filter Include="Event Control\headers">
      <UniqueIdentifier>{c4e0ef89-c68a-46f9-8339-c8666c0d84c8}</UniqueIdentifier>
    </Filter>
    <Filter Include="Event Control\cpp">
      <UniqueIdentifier>{67bebe05-fd22-4069-8337-e73f5c076525}</UniqueIdentifier>
    </Filter>
    <Filter Include="Math">
      <UniqueIdentifier>{d2ea0a21-837c-4deb-b146-67fa83414289}</UniqueIdentifier>
    </Filter>
    <Filter Include="Math\cpp">
      <UniqueIdentifier>{ba1917a1-2e4a-428b-bbd5-24cfdd1d7812}</UniqueIdentifier>
    </Filter>
    <Filter Include="Math\headers">
      <UniqueIdentifier>{dfd533f7-bf51-4b1c-9dcf-bfddf35be1e8}</UniqueIdentifier>
    </Filter>
  </ItemGroup>
  <ItemGroup>
    <ClCompile Include="DateTime.cpp">
      <Filter>Utility\cpp</Filter>
    </ClCompile>
    <ClCompile Include="SGException.cpp">
      <Filter>Exceptions\cpp</Filter>
    </ClCompile>
    <ClCompile Include="Asserts.cpp">
      <Filter>Exceptions\cpp</Filter>
    </ClCompile>
    <ClCompile Include="main.cpp">
      <Filter>Core\cpp</Filter>
    </ClCompile>
    <ClCompile Include="Crush.cpp">
      <Filter>Exceptions\cpp</Filter>
    </ClCompile>
    <ClCompile Include="ILogger.cpp">
      <Filter>Utility\cpp</Filter>
    </ClCompile>
    <ClCompile Include="WindowSetting.cpp">
      <Filter>Core\cpp</Filter>
    </ClCompile>
    <ClCompile Include="Window.cpp">
      <Filter>Core\cpp</Filter>
    </ClCompile>
    <ClCompile Include="BaseApplication.cpp">
      <Filter>Core\cpp</Filter>
    </ClCompile>
    <ClCompile Include="InputManager.cpp">
      <Filter>Event Control\cpp</Filter>
    </ClCompile>
    <ClCompile Include="Render.cpp">
      <Filter>Graphics\cpp</Filter>
    </ClCompile>
    <ClCompile Include="GraphicalBaseObjects.cpp">
      <Filter>Graphics\cpp</Filter>
    </ClCompile>
  </ItemGroup>
  <ItemGroup>
    <ClInclude Include="DateTime.h">
      <Filter>Utility\headers</Filter>
    </ClInclude>
    <ClInclude Include="Asserts.h">
      <Filter>Exceptions\headers</Filter>
    </ClInclude>
    <ClInclude Include="SGException.h">
      <Filter>Exceptions\headers</Filter>
    </ClInclude>
    <ClInclude Include="Logger.h">
      <Filter>Utility\headers</Filter>
    </ClInclude>
    <ClInclude Include="SGFatalException.h">
      <Filter>Exceptions\headers</Filter>
    </ClInclude>
    <ClInclude Include="Crush.h">
      <Filter>Exceptions\headers</Filter>
    </ClInclude>
    <ClInclude Include="ILogger.h">
      <Filter>Utility\headers</Filter>
    </ClInclude>
    <ClInclude Include="WindowSetting.h">
      <Filter>Core\headers</Filter>
    </ClInclude>
    <ClInclude Include="Window.h">
      <Filter>Core\headers</Filter>
    </ClInclude>
    <ClInclude Include="Events.h">
      <Filter>Event Control\headers</Filter>
    </ClInclude>
    <ClInclude Include="BaseApplication.h">
      <Filter>Core\headers</Filter>
    </ClInclude>
    <ClInclude Include="InputManager.h">
      <Filter>Event Control\headers</Filter>
    </ClInclude>
    <ClInclude Include="BasicMathTypes.h">
      <Filter>Math\headers</Filter>
    </ClInclude>
    <ClInclude Include="stdafx.h">
      <Filter>Core\headers</Filter>
    </ClInclude>
    <ClInclude Include="Render.h">
      <Filter>Graphics\headers</Filter>
    </ClInclude>
    <ClInclude Include="macros.h">
      <Filter>Utility\headers</Filter>
    </ClInclude>
    <ClInclude Include="GraphicalBaseObjects.h">
      <Filter>Graphics\headers</Filter>
    </ClInclude>
    <ClInclude Include="BasicMathObjects.h">
      <Filter>Math\headers</Filter>
    </ClInclude>
  </ItemGroup>
</Project>